
Microsoft Visual Studio Solution File, Format Version 12.00
# Visual Studio 2013
VisualStudioVersion = 12.0.21005.1
MinimumVisualStudioVersion = 10.0.40219.1
Project("{2150E333-8FDC-42A3-9474-1A3956D46DE8}") = "01 Apps", "01 Apps", "{E5643A28-B327-4905-A85F-C90C62A0521F}"
EndProject
Project("{2150E333-8FDC-42A3-9474-1A3956D46DE8}") = "02 Services", "02 Services", "{EA559FC8-3E88-4BD6-BA43-78E55ED8107C}"
EndProject
Project("{2150E333-8FDC-42A3-9474-1A3956D46DE8}") = "04 Persistence", "04 Persistence", "{72CF1A67-3FCF-4F15-A931-7C470752BAA7}"
EndProject
Project("{2150E333-8FDC-42A3-9474-1A3956D46DE8}") = "05 Domain", "05 Domain", "{115E588E-1EF7-48C0-A3EC-ED4CA611867A}"
EndProject
Project("{2150E333-8FDC-42A3-9474-1A3956D46DE8}") = "06 Tests", "06 Tests", "{BD0D80DA-3B3D-4F79-96DD-565E6C32510E}"
EndProject
Project("{2150E333-8FDC-42A3-9474-1A3956D46DE8}") = "SF", "SF", "{966BC43D-D0D1-4F3B-949D-54CC48A4EADB}"
EndProject
Project("{FAE04EC0-301F-11D3-BF4B-00C04F79EFBC}") = "ModelSF", "SF\05 Domain\ModelSF\ModelSF.csproj", "{F7FC8609-82B8-4AF4-8E41-0C5C137655A7}"
EndProject
Project("{FAE04EC0-301F-11D3-BF4B-00C04F79EFBC}") = "PersistenceSF", "SF\04 Persistence\Persistence\PersistenceSF.csproj", "{2815C614-40B4-489C-9DDD-C49CCD092071}"
EndProject
Project("{FAE04EC0-301F-11D3-BF4B-00C04F79EFBC}") = "RepositorySF", "SF\04 Persistence\Repository\RepositorySF.csproj", "{55D310D2-8B8F-4F0C-8819-4B2CEB7E181F}"
EndProject
Project("{FAE04EC0-301F-11D3-BF4B-00C04F79EFBC}") = "ConsoleAppSF", "SF\01 Apps\ConsoleAppSF\ConsoleAppSF.csproj", "{17AD078A-5685-4FCD-B40A-3B48823C9102}"
EndProject
Project("{FAE04EC0-301F-11D3-BF4B-00C04F79EFBC}") = "ServicesSF", "SF\02 Services\ServicesSF\ServicesSF.csproj", "{FF308326-3132-4173-A214-1EB0BDF76B9F}"
EndProject
Project("{FAE04EC0-301F-11D3-BF4B-00C04F79EFBC}") = "UoWSF", "SF\04 Persistence\UoWSF\UoWSF.csproj", "{97A04012-24CD-4926-9FDC-D4B4B63EE339}"
EndProject
Global
	GlobalSection(SolutionConfigurationPlatforms) = preSolution
		Debug|Any CPU = Debug|Any CPU
		Release|Any CPU = Release|Any CPU
	EndGlobalSection
	GlobalSection(ProjectConfigurationPlatforms) = postSolution
		{F7FC8609-82B8-4AF4-8E41-0C5C137655A7}.Debug|Any CPU.ActiveCfg = Debug|Any CPU
		{F7FC8609-82B8-4AF4-8E41-0C5C137655A7}.Debug|Any CPU.Build.0 = Debug|Any CPU
		{F7FC8609-82B8-4AF4-8E41-0C5C137655A7}.Release|Any CPU.ActiveCfg = Release|Any CPU
		{F7FC8609-82B8-4AF4-8E41-0C5C137655A7}.Release|Any CPU.Build.0 = Release|Any CPU
		{2815C614-40B4-489C-9DDD-C49CCD092071}.Debug|Any CPU.ActiveCfg = Debug|Any CPU
		{2815C614-40B4-489C-9DDD-C49CCD092071}.Debug|Any CPU.Build.0 = Debug|Any CPU
		{2815C614-40B4-489C-9DDD-C49CCD092071}.Release|Any CPU.ActiveCfg = Release|Any CPU
		{2815C614-40B4-489C-9DDD-C49CCD092071}.Release|Any CPU.Build.0 = Release|Any CPU
		{55D310D2-8B8F-4F0C-8819-4B2CEB7E181F}.Debug|Any CPU.ActiveCfg = Debug|Any CPU
		{55D310D2-8B8F-4F0C-8819-4B2CEB7E181F}.Debug|Any CPU.Build.0 = Debug|Any CPU
		{55D310D2-8B8F-4F0C-8819-4B2CEB7E181F}.Release|Any CPU.ActiveCfg = Release|Any CPU
		{55D310D2-8B8F-4F0C-8819-4B2CEB7E181F}.Release|Any CPU.Build.0 = Release|Any CPU
		{17AD078A-5685-4FCD-B40A-3B48823C9102}.Debug|Any CPU.ActiveCfg = Debug|Any CPU
		{17AD078A-5685-4FCD-B40A-3B48823C9102}.Debug|Any CPU.Build.0 = Debug|Any CPU
		{17AD078A-5685-4FCD-B40A-3B48823C9102}.Release|Any CPU.ActiveCfg = Release|Any CPU
		{17AD078A-5685-4FCD-B40A-3B48823C9102}.Release|Any CPU.Build.0 = Release|Any CPU
		{FF308326-3132-4173-A214-1EB0BDF76B9F}.Debug|Any CPU.ActiveCfg = Debug|Any CPU
		{FF308326-3132-4173-A214-1EB0BDF76B9F}.Debug|Any CPU.Build.0 = Debug|Any CPU
		{FF308326-3132-4173-A214-1EB0BDF76B9F}.Release|Any CPU.ActiveCfg = Release|Any CPU
		{FF308326-3132-4173-A214-1EB0BDF76B9F}.Release|Any CPU.Build.0 = Release|Any CPU
		{97A04012-24CD-4926-9FDC-D4B4B63EE339}.Debug|Any CPU.ActiveCfg = Debug|Any CPU
		{97A04012-24CD-4926-9FDC-D4B4B63EE339}.Debug|Any CPU.Build.0 = Debug|Any CPU
		{97A04012-24CD-4926-9FDC-D4B4B63EE339}.Release|Any CPU.ActiveCfg = Release|Any CPU
		{97A04012-24CD-4926-9FDC-D4B4B63EE339}.Release|Any CPU.Build.0 = Release|Any CPU
	EndGlobalSection
	GlobalSection(SolutionProperties) = preSolution
		HideSolutionNode = FALSE
	EndGlobalSection
	GlobalSection(NestedProjects) = preSolution
		{EA559FC8-3E88-4BD6-BA43-78E55ED8107C} = {966BC43D-D0D1-4F3B-949D-54CC48A4EADB}
		{72CF1A67-3FCF-4F15-A931-7C470752BAA7} = {966BC43D-D0D1-4F3B-949D-54CC48A4EADB}
		{115E588E-1EF7-48C0-A3EC-ED4CA611867A} = {966BC43D-D0D1-4F3B-949D-54CC48A4EADB}
		{BD0D80DA-3B3D-4F79-96DD-565E6C32510E} = {966BC43D-D0D1-4F3B-949D-54CC48A4EADB}
		{E5643A28-B327-4905-A85F-C90C62A0521F} = {966BC43D-D0D1-4F3B-949D-54CC48A4EADB}
		{FF308326-3132-4173-A214-1EB0BDF76B9F} = {EA559FC8-3E88-4BD6-BA43-78E55ED8107C}
		{2815C614-40B4-489C-9DDD-C49CCD092071} = {72CF1A67-3FCF-4F15-A931-7C470752BAA7}
		{55D310D2-8B8F-4F0C-8819-4B2CEB7E181F} = {72CF1A67-3FCF-4F15-A931-7C470752BAA7}
		{97A04012-24CD-4926-9FDC-D4B4B63EE339} = {72CF1A67-3FCF-4F15-A931-7C470752BAA7}
		{F7FC8609-82B8-4AF4-8E41-0C5C137655A7} = {115E588E-1EF7-48C0-A3EC-ED4CA611867A}
		{17AD078A-5685-4FCD-B40A-3B48823C9102} = {E5643A28-B327-4905-A85F-C90C62A0521F}
	EndGlobalSection
EndGlobal
